
Microsoft Visual Studio Solution File, Format Version 12.00
# Visual Studio 15
VisualStudioVersion = 15.0.27428.2015
MinimumVisualStudioVersion = 10.0.40219.1
Project("{FAE04EC0-301F-11D3-BF4B-00C04F79EFBC}") = "DownloadAPIFile", "WebApplication2\DownloadAPIFile.csproj", "{1097711D-0FF9-454B-AE57-25FB2549DF4D}"
EndProject
Global
	GlobalSection(SolutionConfigurationPlatforms) = preSolution
		Debug|Any CPU = Debug|Any CPU
		Release|Any CPU = Release|Any CPU
	EndGlobalSection
	GlobalSection(ProjectConfigurationPlatforms) = postSolution
		{1097711D-0FF9-454B-AE57-25FB2549DF4D}.Debug|Any CPU.ActiveCfg = Debug|Any CPU
		{1097711D-0FF9-454B-AE57-25FB2549DF4D}.Debug|Any CPU.Build.0 = Debug|Any CPU
		{1097711D-0FF9-454B-AE57-25FB2549DF4D}.Release|Any CPU.ActiveCfg = Release|Any CPU
		{1097711D-0FF9-454B-AE57-25FB2549DF4D}.Release|Any CPU.Build.0 = Release|Any CPU
	EndGlobalSection
	GlobalSection(SolutionProperties) = preSolution
		HideSolutionNode = FALSE
	EndGlobalSection
	GlobalSection(ExtensibilityGlobals) = postSolution
		SolutionGuid = {86A05BB3-E958-4458-BAEA-3E989766284F}
	EndGlobalSection
EndGlobal
